
Microsoft Visual Studio Solution File, Format Version 12.00
# Visual Studio 15
VisualStudioVersion = 15.0.28010.2026
MinimumVisualStudioVersion = 10.0.40219.1
Project("{9A19103F-16F7-4668-BE54-9A1E7A4F7556}") = "ServiceMonitor", "ServiceMonitor\ServiceMonitor.csproj", "{39F06CE3-A32C-4940-A969-E932D97BA0A2}"
EndProject
Project("{2150E333-8FDC-42A3-9474-1A3956D46DE8}") = "Solution items", "Solution items", "{66977DFA-D07E-416B-AF6B-5AC428BE2AD4}"
	ProjectSection(SolutionItems) = preProject
		Dockerfile_WebsiteWithServiceMonitor = Dockerfile_WebsiteWithServiceMonitor
	EndProjectSection
EndProject
Project("{FAE04EC0-301F-11D3-BF4B-00C04F79EFBC}") = "DemoWebsite", "DemoWebsite\DemoWebsite.csproj", "{FABFE5CF-ECB3-448E-8557-87F399E616E9}"
EndProject
Global
	GlobalSection(SolutionConfigurationPlatforms) = preSolution
		Debug|Any CPU = Debug|Any CPU
		Release|Any CPU = Release|Any CPU
	EndGlobalSection
	GlobalSection(ProjectConfigurationPlatforms) = postSolution
		{39F06CE3-A32C-4940-A969-E932D97BA0A2}.Debug|Any CPU.ActiveCfg = Debug|Any CPU
		{39F06CE3-A32C-4940-A969-E932D97BA0A2}.Debug|Any CPU.Build.0 = Debug|Any CPU
		{39F06CE3-A32C-4940-A969-E932D97BA0A2}.Release|Any CPU.ActiveCfg = Release|Any CPU
		{39F06CE3-A32C-4940-A969-E932D97BA0A2}.Release|Any CPU.Build.0 = Release|Any CPU
		{FABFE5CF-ECB3-448E-8557-87F399E616E9}.Debug|Any CPU.ActiveCfg = Debug|Any CPU
		{FABFE5CF-ECB3-448E-8557-87F399E616E9}.Debug|Any CPU.Build.0 = Debug|Any CPU
		{FABFE5CF-ECB3-448E-8557-87F399E616E9}.Release|Any CPU.ActiveCfg = Release|Any CPU
		{FABFE5CF-ECB3-448E-8557-87F399E616E9}.Release|Any CPU.Build.0 = Release|Any CPU
	EndGlobalSection
	GlobalSection(SolutionProperties) = preSolution
		HideSolutionNode = FALSE
	EndGlobalSection
	GlobalSection(ExtensibilityGlobals) = postSolution
		SolutionGuid = {5630DB93-88F9-44D1-88E5-04452F743B07}
	EndGlobalSection
EndGlobal
